// !$*UTF8*$!
{
	archiveVersion = 1;
	classes = {
	};
	objectVersion = 50;
	objects = {

/* Begin PBXBuildFile section */
		201F7B572228A3300021B3E8 /* ProfileViewController.swift in Sources */ = {isa = PBXBuildFile; fileRef = 201F7B562228A3300021B3E8 /* ProfileViewController.swift */; };
		20BC990E222C6424004D3A36 /* ErrorEngine.swift in Sources */ = {isa = PBXBuildFile; fileRef = 20BC990D222C6424004D3A36 /* ErrorEngine.swift */; };
		20CCBDE22228F91500532761 /* GoogleService-Info.plist in Resources */ = {isa = PBXBuildFile; fileRef = 20CCBDE12228F91500532761 /* GoogleService-Info.plist */; };
		20CCBDE4222904E900532761 /* UserInfoProfile.swift in Sources */ = {isa = PBXBuildFile; fileRef = 20CCBDE3222904E900532761 /* UserInfoProfile.swift */; };
		357A38999B78B0390446807A /* Pods_SocializeMe.framework in Frameworks */ = {isa = PBXBuildFile; fileRef = 4D75764DDA656ABFC0347D67 /* Pods_SocializeMe.framework */; };
		87275777222CDA4600CCD1EF /* ProfileCreationViewController.swift in Sources */ = {isa = PBXBuildFile; fileRef = 87275776222CDA4600CCD1EF /* ProfileCreationViewController.swift */; };
		877C68552220F3E30047C002 /* AppDelegate.swift in Sources */ = {isa = PBXBuildFile; fileRef = 877C68542220F3E30047C002 /* AppDelegate.swift */; };
		877C68572220F3E30047C002 /* ViewController.swift in Sources */ = {isa = PBXBuildFile; fileRef = 877C68562220F3E30047C002 /* ViewController.swift */; };
		877C685A2220F3E30047C002 /* Main.storyboard in Resources */ = {isa = PBXBuildFile; fileRef = 877C68582220F3E30047C002 /* Main.storyboard */; };
		877C685C2220F3E40047C002 /* Assets.xcassets in Resources */ = {isa = PBXBuildFile; fileRef = 877C685B2220F3E40047C002 /* Assets.xcassets */; };
		877C685F2220F3E40047C002 /* LaunchScreen.storyboard in Resources */ = {isa = PBXBuildFile; fileRef = 877C685D2220F3E40047C002 /* LaunchScreen.storyboard */; };
		877C686A2220F3E40047C002 /* SocializeMeTests.swift in Sources */ = {isa = PBXBuildFile; fileRef = 877C68692220F3E40047C002 /* SocializeMeTests.swift */; };
		BA0031933B805E8F5FC9054D /* Pods_SocializeMeTests.framework in Frameworks */ = {isa = PBXBuildFile; fileRef = F031D245E393AA9638EC197E /* Pods_SocializeMeTests.framework */; };
/* End PBXBuildFile section */

/* Begin PBXContainerItemProxy section */
		877C68662220F3E40047C002 /* PBXContainerItemProxy */ = {
			isa = PBXContainerItemProxy;
			containerPortal = 877C68492220F3E30047C002 /* Project object */;
			proxyType = 1;
			remoteGlobalIDString = 877C68502220F3E30047C002;
			remoteInfo = SocializeMe;
		};
/* End PBXContainerItemProxy section */

/* Begin PBXFileReference section */
		201F7B562228A3300021B3E8 /* ProfileViewController.swift */ = {isa = PBXFileReference; lastKnownFileType = sourcecode.swift; path = ProfileViewController.swift; sourceTree = "<group>"; };
		20BC990D222C6424004D3A36 /* ErrorEngine.swift */ = {isa = PBXFileReference; lastKnownFileType = sourcecode.swift; path = ErrorEngine.swift; sourceTree = "<group>"; };
		20CCBDE12228F91500532761 /* GoogleService-Info.plist */ = {isa = PBXFileReference; fileEncoding = 4; lastKnownFileType = text.plist.xml; path = "GoogleService-Info.plist"; sourceTree = "<group>"; };
		20CCBDE3222904E900532761 /* UserInfoProfile.swift */ = {isa = PBXFileReference; lastKnownFileType = sourcecode.swift; path = UserInfoProfile.swift; sourceTree = "<group>"; };
		2843EEF1BCC5D309B0427C06 /* Pods-SocializeMeTests.debug.xcconfig */ = {isa = PBXFileReference; includeInIndex = 1; lastKnownFileType = text.xcconfig; name = "Pods-SocializeMeTests.debug.xcconfig"; path = "Target Support Files/Pods-SocializeMeTests/Pods-SocializeMeTests.debug.xcconfig"; sourceTree = "<group>"; };
		3C53482BA339DC7129B6F1E2 /* Pods-SocializeMe.release.xcconfig */ = {isa = PBXFileReference; includeInIndex = 1; lastKnownFileType = text.xcconfig; name = "Pods-SocializeMe.release.xcconfig"; path = "Target Support Files/Pods-SocializeMe/Pods-SocializeMe.release.xcconfig"; sourceTree = "<group>"; };
		4D75764DDA656ABFC0347D67 /* Pods_SocializeMe.framework */ = {isa = PBXFileReference; explicitFileType = wrapper.framework; includeInIndex = 0; path = Pods_SocializeMe.framework; sourceTree = BUILT_PRODUCTS_DIR; };
		51808649530FA46EAB35BC2C /* Pods-SocializeMeTests.release.xcconfig */ = {isa = PBXFileReference; includeInIndex = 1; lastKnownFileType = text.xcconfig; name = "Pods-SocializeMeTests.release.xcconfig"; path = "Target Support Files/Pods-SocializeMeTests/Pods-SocializeMeTests.release.xcconfig"; sourceTree = "<group>"; };
		6125E2CC86882F12A915709D /* Pods-SocializeMe.debug.xcconfig */ = {isa = PBXFileReference; includeInIndex = 1; lastKnownFileType = text.xcconfig; name = "Pods-SocializeMe.debug.xcconfig"; path = "Target Support Files/Pods-SocializeMe/Pods-SocializeMe.debug.xcconfig"; sourceTree = "<group>"; };
		87275776222CDA4600CCD1EF /* ProfileCreationViewController.swift */ = {isa = PBXFileReference; lastKnownFileType = sourcecode.swift; path = ProfileCreationViewController.swift; sourceTree = "<group>"; };
		877C68512220F3E30047C002 /* SocializeMe.app */ = {isa = PBXFileReference; explicitFileType = wrapper.application; includeInIndex = 0; path = SocializeMe.app; sourceTree = BUILT_PRODUCTS_DIR; };
		877C68542220F3E30047C002 /* AppDelegate.swift */ = {isa = PBXFileReference; lastKnownFileType = sourcecode.swift; path = AppDelegate.swift; sourceTree = "<group>"; };
		877C68562220F3E30047C002 /* ViewController.swift */ = {isa = PBXFileReference; lastKnownFileType = sourcecode.swift; path = ViewController.swift; sourceTree = "<group>"; };
		877C68592220F3E30047C002 /* Base */ = {isa = PBXFileReference; lastKnownFileType = file.storyboard; name = Base; path = Base.lproj/Main.storyboard; sourceTree = "<group>"; };
		877C685B2220F3E40047C002 /* Assets.xcassets */ = {isa = PBXFileReference; lastKnownFileType = folder.assetcatalog; path = Assets.xcassets; sourceTree = "<group>"; };
		877C685E2220F3E40047C002 /* Base */ = {isa = PBXFileReference; lastKnownFileType = file.storyboard; name = Base; path = Base.lproj/LaunchScreen.storyboard; sourceTree = "<group>"; };
		877C68602220F3E40047C002 /* Info.plist */ = {isa = PBXFileReference; lastKnownFileType = text.plist.xml; path = Info.plist; sourceTree = "<group>"; };
		877C68652220F3E40047C002 /* SocializeMeTests.xctest */ = {isa = PBXFileReference; explicitFileType = wrapper.cfbundle; includeInIndex = 0; path = SocializeMeTests.xctest; sourceTree = BUILT_PRODUCTS_DIR; };
		877C68692220F3E40047C002 /* SocializeMeTests.swift */ = {isa = PBXFileReference; lastKnownFileType = sourcecode.swift; path = SocializeMeTests.swift; sourceTree = "<group>"; };
		877C686B2220F3E40047C002 /* Info.plist */ = {isa = PBXFileReference; lastKnownFileType = text.plist.xml; path = Info.plist; sourceTree = "<group>"; };
		F031D245E393AA9638EC197E /* Pods_SocializeMeTests.framework */ = {isa = PBXFileReference; explicitFileType = wrapper.framework; includeInIndex = 0; path = Pods_SocializeMeTests.framework; sourceTree = BUILT_PRODUCTS_DIR; };
/* End PBXFileReference section */

/* Begin PBXFrameworksBuildPhase section */
		877C684E2220F3E30047C002 /* Frameworks */ = {
			isa = PBXFrameworksBuildPhase;
			buildActionMask = 2147483647;
			files = (
				357A38999B78B0390446807A /* Pods_SocializeMe.framework in Frameworks */,
			);
			runOnlyForDeploymentPostprocessing = 0;
		};
		877C68622220F3E40047C002 /* Frameworks */ = {
			isa = PBXFrameworksBuildPhase;
			buildActionMask = 2147483647;
			files = (
				BA0031933B805E8F5FC9054D /* Pods_SocializeMeTests.framework in Frameworks */,
			);
			runOnlyForDeploymentPostprocessing = 0;
		};
/* End PBXFrameworksBuildPhase section */

/* Begin PBXGroup section */
		34E46296CE75E05260A38982 /* Pods */ = {
			isa = PBXGroup;
			children = (
				6125E2CC86882F12A915709D /* Pods-SocializeMe.debug.xcconfig */,
				3C53482BA339DC7129B6F1E2 /* Pods-SocializeMe.release.xcconfig */,
				2843EEF1BCC5D309B0427C06 /* Pods-SocializeMeTests.debug.xcconfig */,
				51808649530FA46EAB35BC2C /* Pods-SocializeMeTests.release.xcconfig */,
			);
			path = Pods;
			sourceTree = "<group>";
		};
		7E764D688B7C721EDADDC2FF /* Frameworks */ = {
			isa = PBXGroup;
			children = (
				4D75764DDA656ABFC0347D67 /* Pods_SocializeMe.framework */,
				F031D245E393AA9638EC197E /* Pods_SocializeMeTests.framework */,
			);
			name = Frameworks;
			sourceTree = "<group>";
		};
		877C68482220F3E30047C002 = {
			isa = PBXGroup;
			children = (
				877C68532220F3E30047C002 /* SocializeMe */,
				877C68682220F3E40047C002 /* SocializeMeTests */,
				877C68522220F3E30047C002 /* Products */,
				34E46296CE75E05260A38982 /* Pods */,
				7E764D688B7C721EDADDC2FF /* Frameworks */,
			);
			sourceTree = "<group>";
		};
		877C68522220F3E30047C002 /* Products */ = {
			isa = PBXGroup;
			children = (
				877C68512220F3E30047C002 /* SocializeMe.app */,
				877C68652220F3E40047C002 /* SocializeMeTests.xctest */,
			);
			name = Products;
			sourceTree = "<group>";
		};
		877C68532220F3E30047C002 /* SocializeMe */ = {
			isa = PBXGroup;
			children = (
				877C68542220F3E30047C002 /* AppDelegate.swift */,
				877C68562220F3E30047C002 /* ViewController.swift */,
				877C68582220F3E30047C002 /* Main.storyboard */,
				877C685B2220F3E40047C002 /* Assets.xcassets */,
				877C685D2220F3E40047C002 /* LaunchScreen.storyboard */,
				877C68602220F3E40047C002 /* Info.plist */,
				201F7B562228A3300021B3E8 /* ProfileViewController.swift */,
				20CCBDE12228F91500532761 /* GoogleService-Info.plist */,
				20CCBDE3222904E900532761 /* UserInfoProfile.swift */,
				20BC990D222C6424004D3A36 /* ErrorEngine.swift */,
				87275776222CDA4600CCD1EF /* ProfileCreationViewController.swift */,
			);
			path = SocializeMe;
			sourceTree = "<group>";
		};
		877C68682220F3E40047C002 /* SocializeMeTests */ = {
			isa = PBXGroup;
			children = (
				877C68692220F3E40047C002 /* SocializeMeTests.swift */,
				877C686B2220F3E40047C002 /* Info.plist */,
			);
			path = SocializeMeTests;
			sourceTree = "<group>";
		};
/* End PBXGroup section */

/* Begin PBXNativeTarget section */
		877C68502220F3E30047C002 /* SocializeMe */ = {
			isa = PBXNativeTarget;
			buildConfigurationList = 877C686E2220F3E40047C002 /* Build configuration list for PBXNativeTarget "SocializeMe" */;
			buildPhases = (
				28EE35894CE0E7DE44601D43 /* [CP] Check Pods Manifest.lock */,
				877C684D2220F3E30047C002 /* Sources */,
				877C684E2220F3E30047C002 /* Frameworks */,
				877C684F2220F3E30047C002 /* Resources */,
				173CC2AC7F57F928EB35F985 /* [CP] Embed Pods Frameworks */,
			);
			buildRules = (
			);
			dependencies = (
			);
			name = SocializeMe;
			productName = SocializeMe;
			productReference = 877C68512220F3E30047C002 /* SocializeMe.app */;
			productType = "com.apple.product-type.application";
		};
		877C68642220F3E40047C002 /* SocializeMeTests */ = {
			isa = PBXNativeTarget;
			buildConfigurationList = 877C68712220F3E40047C002 /* Build configuration list for PBXNativeTarget "SocializeMeTests" */;
			buildPhases = (
				9493553534405EB27392000F /* [CP] Check Pods Manifest.lock */,
				877C68612220F3E40047C002 /* Sources */,
				877C68622220F3E40047C002 /* Frameworks */,
				877C68632220F3E40047C002 /* Resources */,
			);
			buildRules = (
			);
			dependencies = (
				877C68672220F3E40047C002 /* PBXTargetDependency */,
			);
			name = SocializeMeTests;
			productName = SocializeMeTests;
			productReference = 877C68652220F3E40047C002 /* SocializeMeTests.xctest */;
			productType = "com.apple.product-type.bundle.unit-test";
		};
/* End PBXNativeTarget section */

/* Begin PBXProject section */
		877C68492220F3E30047C002 /* Project object */ = {
			isa = PBXProject;
			attributes = {
				LastSwiftUpdateCheck = 1010;
				LastUpgradeCheck = 1010;
				ORGANIZATIONNAME = "Karthik Singh";
				TargetAttributes = {
					877C68502220F3E30047C002 = {
						CreatedOnToolsVersion = 10.1;
					};
					877C68642220F3E40047C002 = {
						CreatedOnToolsVersion = 10.1;
						TestTargetID = 877C68502220F3E30047C002;
					};
				};
			};
			buildConfigurationList = 877C684C2220F3E30047C002 /* Build configuration list for PBXProject "SocializeMe" */;
			compatibilityVersion = "Xcode 9.3";
			developmentRegion = en;
			hasScannedForEncodings = 0;
			knownRegions = (
				en,
				Base,
			);
			mainGroup = 877C68482220F3E30047C002;
			productRefGroup = 877C68522220F3E30047C002 /* Products */;
			projectDirPath = "";
			projectRoot = "";
			targets = (
				877C68502220F3E30047C002 /* SocializeMe */,
				877C68642220F3E40047C002 /* SocializeMeTests */,
			);
		};
/* End PBXProject section */

/* Begin PBXResourcesBuildPhase section */
		877C684F2220F3E30047C002 /* Resources */ = {
			isa = PBXResourcesBuildPhase;
			buildActionMask = 2147483647;
			files = (
				877C685F2220F3E40047C002 /* LaunchScreen.storyboard in Resources */,
				20CCBDE22228F91500532761 /* GoogleService-Info.plist in Resources */,
				877C685C2220F3E40047C002 /* Assets.xcassets in Resources */,
				877C685A2220F3E30047C002 /* Main.storyboard in Resources */,
			);
			runOnlyForDeploymentPostprocessing = 0;
		};
		877C68632220F3E40047C002 /* Resources */ = {
			isa = PBXResourcesBuildPhase;
			buildActionMask = 2147483647;
			files = (
			);
			runOnlyForDeploymentPostprocessing = 0;
		};
/* End PBXResourcesBuildPhase section */

/* Begin PBXShellScriptBuildPhase section */
		173CC2AC7F57F928EB35F985 /* [CP] Embed Pods Frameworks */ = {
			isa = PBXShellScriptBuildPhase;
			buildActionMask = 2147483647;
			files = (
			);
			inputFileListPaths = (
			);
			inputPaths = (
				"${PODS_ROOT}/Target Support Files/Pods-SocializeMe/Pods-SocializeMe-frameworks.sh",
				"${BUILT_PRODUCTS_DIR}/GoogleUtilities/GoogleUtilities.framework",
				"${BUILT_PRODUCTS_DIR}/leveldb-library/leveldb.framework",
				"${BUILT_PRODUCTS_DIR}/nanopb/nanopb.framework",
			);
			name = "[CP] Embed Pods Frameworks";
			outputFileListPaths = (
			);
			outputPaths = (
				"${TARGET_BUILD_DIR}/${FRAMEWORKS_FOLDER_PATH}/GoogleUtilities.framework",
				"${TARGET_BUILD_DIR}/${FRAMEWORKS_FOLDER_PATH}/leveldb.framework",
				"${TARGET_BUILD_DIR}/${FRAMEWORKS_FOLDER_PATH}/nanopb.framework",
			);
			runOnlyForDeploymentPostprocessing = 0;
			shellPath = /bin/sh;
			shellScript = "\"${PODS_ROOT}/Target Support Files/Pods-SocializeMe/Pods-SocializeMe-frameworks.sh\"\n";
			showEnvVarsInLog = 0;
		};
		28EE35894CE0E7DE44601D43 /* [CP] Check Pods Manifest.lock */ = {
			isa = PBXShellScriptBuildPhase;
			buildActionMask = 2147483647;
			files = (
			);
			inputFileListPaths = (
			);
			inputPaths = (
				"${PODS_PODFILE_DIR_PATH}/Podfile.lock",
				"${PODS_ROOT}/Manifest.lock",
			);
			name = "[CP] Check Pods Manifest.lock";
			outputFileListPaths = (
			);
			outputPaths = (
				"$(DERIVED_FILE_DIR)/Pods-SocializeMe-checkManifestLockResult.txt",
			);
			runOnlyForDeploymentPostprocessing = 0;
			shellPath = /bin/sh;
			shellScript = "diff \"${PODS_PODFILE_DIR_PATH}/Podfile.lock\" \"${PODS_ROOT}/Manifest.lock\" > /dev/null\nif [ $? != 0 ] ; then\n    # print error to STDERR\n    echo \"error: The sandbox is not in sync with the Podfile.lock. Run 'pod install' or update your CocoaPods installation.\" >&2\n    exit 1\nfi\n# This output is used by Xcode 'outputs' to avoid re-running this script phase.\necho \"SUCCESS\" > \"${SCRIPT_OUTPUT_FILE_0}\"\n";
			showEnvVarsInLog = 0;
		};
		9493553534405EB27392000F /* [CP] Check Pods Manifest.lock */ = {
			isa = PBXShellScriptBuildPhase;
			buildActionMask = 2147483647;
			files = (
			);
			inputFileListPaths = (
			);
			inputPaths = (
				"${PODS_PODFILE_DIR_PATH}/Podfile.lock",
				"${PODS_ROOT}/Manifest.lock",
			);
			name = "[CP] Check Pods Manifest.lock";
			outputFileListPaths = (
			);
			outputPaths = (
				"$(DERIVED_FILE_DIR)/Pods-SocializeMeTests-checkManifestLockResult.txt",
			);
			runOnlyForDeploymentPostprocessing = 0;
			shellPath = /bin/sh;
			shellScript = "diff \"${PODS_PODFILE_DIR_PATH}/Podfile.lock\" \"${PODS_ROOT}/Manifest.lock\" > /dev/null\nif [ $? != 0 ] ; then\n    # print error to STDERR\n    echo \"error: The sandbox is not in sync with the Podfile.lock. Run 'pod install' or update your CocoaPods installation.\" >&2\n    exit 1\nfi\n# This output is used by Xcode 'outputs' to avoid re-running this script phase.\necho \"SUCCESS\" > \"${SCRIPT_OUTPUT_FILE_0}\"\n";
			showEnvVarsInLog = 0;
		};
/* End PBXShellScriptBuildPhase section */

/* Begin PBXSourcesBuildPhase section */
		877C684D2220F3E30047C002 /* Sources */ = {
			isa = PBXSourcesBuildPhase;
			buildActionMask = 2147483647;
			files = (
				877C68572220F3E30047C002 /* ViewController.swift in Sources */,
				20CCBDE4222904E900532761 /* UserInfoProfile.swift in Sources */,
				20BC990E222C6424004D3A36 /* ErrorEngine.swift in Sources */,
				87275777222CDA4600CCD1EF /* ProfileCreationViewController.swift in Sources */,
				877C68552220F3E30047C002 /* AppDelegate.swift in Sources */,
				201F7B572228A3300021B3E8 /* ProfileViewController.swift in Sources */,
			);
			runOnlyForDeploymentPostprocessing = 0;
		};
		877C68612220F3E40047C002 /* Sources */ = {
			isa = PBXSourcesBuildPhase;
			buildActionMask = 2147483647;
			files = (
				877C686A2220F3E40047C002 /* SocializeMeTests.swift in Sources */,
			);
			runOnlyForDeploymentPostprocessing = 0;
		};
/* End PBXSourcesBuildPhase section */

/* Begin PBXTargetDependency section */
		877C68672220F3E40047C002 /* PBXTargetDependency */ = {
			isa = PBXTargetDependency;
			target = 877C68502220F3E30047C002 /* SocializeMe */;
			targetProxy = 877C68662220F3E40047C002 /* PBXContainerItemProxy */;
		};
/* End PBXTargetDependency section */

/* Begin PBXVariantGroup section */
		877C68582220F3E30047C002 /* Main.storyboard */ = {
			isa = PBXVariantGroup;
			children = (
				877C68592220F3E30047C002 /* Base */,
			);
			name = Main.storyboard;
			sourceTree = "<group>";
		};
		877C685D2220F3E40047C002 /* LaunchScreen.storyboard */ = {
			isa = PBXVariantGroup;
			children = (
				877C685E2220F3E40047C002 /* Base */,
			);
			name = LaunchScreen.storyboard;
			sourceTree = "<group>";
		};
/* End PBXVariantGroup section */

/* Begin XCBuildConfiguration section */
		877C686C2220F3E40047C002 /* Debug */ = {
			isa = XCBuildConfiguration;
			buildSettings = {
				ALWAYS_SEARCH_USER_PATHS = NO;
				CLANG_ANALYZER_NONNULL = YES;
				CLANG_ANALYZER_NUMBER_OBJECT_CONVERSION = YES_AGGRESSIVE;
				CLANG_CXX_LANGUAGE_STANDARD = "gnu++14";
				CLANG_CXX_LIBRARY = "libc++";
				CLANG_ENABLE_MODULES = YES;
				CLANG_ENABLE_OBJC_ARC = YES;
				CLANG_ENABLE_OBJC_WEAK = YES;
				CLANG_WARN_BLOCK_CAPTURE_AUTORELEASING = YES;
				CLANG_WARN_BOOL_CONVERSION = YES;
				CLANG_WARN_COMMA = YES;
				CLANG_WARN_CONSTANT_CONVERSION = YES;
				CLANG_WARN_DEPRECATED_OBJC_IMPLEMENTATIONS = YES;
				CLANG_WARN_DIRECT_OBJC_ISA_USAGE = YES_ERROR;
				CLANG_WARN_DOCUMENTATION_COMMENTS = YES;
				CLANG_WARN_EMPTY_BODY = YES;
				CLANG_WARN_ENUM_CONVERSION = YES;
				CLANG_WARN_INFINITE_RECURSION = YES;
				CLANG_WARN_INT_CONVERSION = YES;
				CLANG_WARN_NON_LITERAL_NULL_CONVERSION = YES;
				CLANG_WARN_OBJC_IMPLICIT_RETAIN_SELF = YES;
				CLANG_WARN_OBJC_LITERAL_CONVERSION = YES;
				CLANG_WARN_OBJC_ROOT_CLASS = YES_ERROR;
				CLANG_WARN_RANGE_LOOP_ANALYSIS = YES;
				CLANG_WARN_STRICT_PROTOTYPES = YES;
				CLANG_WARN_SUSPICIOUS_MOVE = YES;
				CLANG_WARN_UNGUARDED_AVAILABILITY = YES_AGGRESSIVE;
				CLANG_WARN_UNREACHABLE_CODE = YES;
				CLANG_WARN__DUPLICATE_METHOD_MATCH = YES;
				CODE_SIGN_IDENTITY = "iPhone Developer";
				COPY_PHASE_STRIP = NO;
				DEBUG_INFORMATION_FORMAT = dwarf;
				ENABLE_STRICT_OBJC_MSGSEND = YES;
				ENABLE_TESTABILITY = YES;
				GCC_C_LANGUAGE_STANDARD = gnu11;
				GCC_DYNAMIC_NO_PIC = NO;
				GCC_NO_COMMON_BLOCKS = YES;
				GCC_OPTIMIZATION_LEVEL = 0;
				GCC_PREPROCESSOR_DEFINITIONS = (
					"DEBUG=1",
					"$(inherited)",
				);
				GCC_WARN_64_TO_32_BIT_CONVERSION = YES;
				GCC_WARN_ABOUT_RETURN_TYPE = YES_ERROR;
				GCC_WARN_UNDECLARED_SELECTOR = YES;
				GCC_WARN_UNINITIALIZED_AUTOS = YES_AGGRESSIVE;
				GCC_WARN_UNUSED_FUNCTION = YES;
				GCC_WARN_UNUSED_VARIABLE = YES;
				IPHONEOS_DEPLOYMENT_TARGET = 12.1;
				MTL_ENABLE_DEBUG_INFO = INCLUDE_SOURCE;
				MTL_FAST_MATH = YES;
				ONLY_ACTIVE_ARCH = YES;
				SDKROOT = iphoneos;
				SWIFT_ACTIVE_COMPILATION_CONDITIONS = DEBUG;
				SWIFT_OPTIMIZATION_LEVEL = "-Onone";
			};
			name = Debug;
		};
		877C686D2220F3E40047C002 /* Release */ = {
			isa = XCBuildConfiguration;
			buildSettings = {
				ALWAYS_SEARCH_USER_PATHS = NO;
				CLANG_ANALYZER_NONNULL = YES;
				CLANG_ANALYZER_NUMBER_OBJECT_CONVERSION = YES_AGGRESSIVE;
				CLANG_CXX_LANGUAGE_STANDARD = "gnu++14";
				CLANG_CXX_LIBRARY = "libc++";
				CLANG_ENABLE_MODULES = YES;
				CLANG_ENABLE_OBJC_ARC = YES;
				CLANG_ENABLE_OBJC_WEAK = YES;
				CLANG_WARN_BLOCK_CAPTURE_AUTORELEASING = YES;
				CLANG_WARN_BOOL_CONVERSION = YES;
				CLANG_WARN_COMMA = YES;
				CLANG_WARN_CONSTANT_CONVERSION = YES;
				CLANG_WARN_DEPRECATED_OBJC_IMPLEMENTATIONS = YES;
				CLANG_WARN_DIRECT_OBJC_ISA_USAGE = YES_ERROR;
				CLANG_WARN_DOCUMENTATION_COMMENTS = YES;
				CLANG_WARN_EMPTY_BODY = YES;
				CLANG_WARN_ENUM_CONVERSION = YES;
				CLANG_WARN_INFINITE_RECURSION = YES;
				CLANG_WARN_INT_CONVERSION = YES;
				CLANG_WARN_NON_LITERAL_NULL_CONVERSION = YES;
				CLANG_WARN_OBJC_IMPLICIT_RETAIN_SELF = YES;
				CLANG_WARN_OBJC_LITERAL_CONVERSION = YES;
				CLANG_WARN_OBJC_ROOT_CLASS = YES_ERROR;
				CLANG_WARN_RANGE_LOOP_ANALYSIS = YES;
				CLANG_WARN_STRICT_PROTOTYPES = YES;
				CLANG_WARN_SUSPICIOUS_MOVE = YES;
				CLANG_WARN_UNGUARDED_AVAILABILITY = YES_AGGRESSIVE;
				CLANG_WARN_UNREACHABLE_CODE = YES;
				CLANG_WARN__DUPLICATE_METHOD_MATCH = YES;
				CODE_SIGN_IDENTITY = "iPhone Developer";
				COPY_PHASE_STRIP = NO;
				DEBUG_INFORMATION_FORMAT = "dwarf-with-dsym";
				ENABLE_NS_ASSERTIONS = NO;
				ENABLE_STRICT_OBJC_MSGSEND = YES;
				GCC_C_LANGUAGE_STANDARD = gnu11;
				GCC_NO_COMMON_BLOCKS = YES;
				GCC_WARN_64_TO_32_BIT_CONVERSION = YES;
				GCC_WARN_ABOUT_RETURN_TYPE = YES_ERROR;
				GCC_WARN_UNDECLARED_SELECTOR = YES;
				GCC_WARN_UNINITIALIZED_AUTOS = YES_AGGRESSIVE;
				GCC_WARN_UNUSED_FUNCTION = YES;
				GCC_WARN_UNUSED_VARIABLE = YES;
				IPHONEOS_DEPLOYMENT_TARGET = 12.1;
				MTL_ENABLE_DEBUG_INFO = NO;
				MTL_FAST_MATH = YES;
				SDKROOT = iphoneos;
				SWIFT_COMPILATION_MODE = wholemodule;
				SWIFT_OPTIMIZATION_LEVEL = "-O";
				VALIDATE_PRODUCT = YES;
			};
			name = Release;
		};
		877C686F2220F3E40047C002 /* Debug */ = {
			isa = XCBuildConfiguration;
			baseConfigurationReference = 6125E2CC86882F12A915709D /* Pods-SocializeMe.debug.xcconfig */;
			buildSettings = {
				ASSETCATALOG_COMPILER_APPICON_NAME = AppIcon;
				CODE_SIGN_STYLE = Automatic;
				DEVELOPMENT_TEAM = MQ79U7S5FQ;
				INFOPLIST_FILE = SocializeMe/Info.plist;
				LD_RUNPATH_SEARCH_PATHS = (
					"$(inherited)",
					"@executable_path/Frameworks",
				);
				PRODUCT_BUNDLE_IDENTIFIER = edu.depaul.csc47.SocializeMe;
				PRODUCT_NAME = "$(TARGET_NAME)";
				SWIFT_VERSION = 4.2;
				TARGETED_DEVICE_FAMILY = "1,2";
			};
			name = Debug;
		};
		877C68702220F3E40047C002 /* Release */ = {
			isa = XCBuildConfiguration;
			baseConfigurationReference = 3C53482BA339DC7129B6F1E2 /* Pods-SocializeMe.release.xcconfig */;
			buildSettings = {
				ASSETCATALOG_COMPILER_APPICON_NAME = AppIcon;
				CODE_SIGN_STYLE = Automatic;
				DEVELOPMENT_TEAM = MQ79U7S5FQ;
				INFOPLIST_FILE = SocializeMe/Info.plist;
				LD_RUNPATH_SEARCH_PATHS = (
					"$(inherited)",
					"@executable_path/Frameworks",
				);
				PRODUCT_BUNDLE_IDENTIFIER = edu.depaul.csc47.SocializeMe;
				PRODUCT_NAME = "$(TARGET_NAME)";
				SWIFT_VERSION = 4.2;
				TARGETED_DEVICE_FAMILY = "1,2";
			};
			name = Release;
		};
		877C68722220F3E40047C002 /* Debug */ = {
			isa = XCBuildConfiguration;
			baseConfigurationReference = 2843EEF1BCC5D309B0427C06 /* Pods-SocializeMeTests.debug.xcconfig */;
			buildSettings = {
				ALWAYS_EMBED_SWIFT_STANDARD_LIBRARIES = YES;
				BUNDLE_LOADER = "$(TEST_HOST)";
				CODE_SIGN_STYLE = Automatic;
				DEVELOPMENT_TEAM = MQ79U7S5FQ;
				INFOPLIST_FILE = SocializeMeTests/Info.plist;
				LD_RUNPATH_SEARCH_PATHS = (
					"$(inherited)",
					"@executable_path/Frameworks",
					"@loader_path/Frameworks",
				);
				PRODUCT_BUNDLE_IDENTIFIER = edu.depaul.csc47.SocializeMeTests;
				PRODUCT_NAME = "$(TARGET_NAME)";
				SWIFT_VERSION = 4.2;
				TARGETED_DEVICE_FAMILY = "1,2";
				TEST_HOST = "$(BUILT_PRODUCTS_DIR)/SocializeMe.app/SocializeMe";
			};
			name = Debug;
		};
		877C68732220F3E40047C002 /* Release */ = {
			isa = XCBuildConfiguration;
			baseConfigurationReference = 51808649530FA46EAB35BC2C /* Pods-SocializeMeTests.release.xcconfig */;
			buildSettings = {
				ALWAYS_EMBED_SWIFT_STANDARD_LIBRARIES = YES;
				BUNDLE_LOADER = "$(TEST_HOST)";
				CODE_SIGN_STYLE = Automatic;
				DEVELOPMENT_TEAM = MQ79U7S5FQ;
				INFOPLIST_FILE = SocializeMeTests/Info.plist;
				LD_RUNPATH_SEARCH_PATHS = (
					"$(inherited)",
					"@executable_path/Frameworks",
					"@loader_path/Frameworks",
				);
				PRODUCT_BUNDLE_IDENTIFIER = edu.depaul.csc47.SocializeMeTests;
				PRODUCT_NAME = "$(TARGET_NAME)";
				SWIFT_VERSION = 4.2;
				TARGETED_DEVICE_FAMILY = "1,2";
				TEST_HOST = "$(BUILT_PRODUCTS_DIR)/SocializeMe.app/SocializeMe";
			};
			name = Release;
		};
/* End XCBuildConfiguration section */

/* Begin XCConfigurationList section */
		877C684C2220F3E30047C002 /* Build configuration list for PBXProject "SocializeMe" */ = {
			isa = XCConfigurationList;
			buildConfigurations = (
				877C686C2220F3E40047C002 /* Debug */,
				877C686D2220F3E40047C002 /* Release */,
			);
			defaultConfigurationIsVisible = 0;
			defaultConfigurationName = Release;
		};
		877C686E2220F3E40047C002 /* Build configuration list for PBXNativeTarget "SocializeMe" */ = {
			isa = XCConfigurationList;
			buildConfigurations = (
				877C686F2220F3E40047C002 /* Debug */,
				877C68702220F3E40047C002 /* Release */,
			);
			defaultConfigurationIsVisible = 0;
			defaultConfigurationName = Release;
		};
		877C68712220F3E40047C002 /* Build configuration list for PBXNativeTarget "SocializeMeTests" */ = {
			isa = XCConfigurationList;
			buildConfigurations = (
				877C68722220F3E40047C002 /* Debug */,
				877C68732220F3E40047C002 /* Release */,
			);
			defaultConfigurationIsVisible = 0;
			defaultConfigurationName = Release;
		};
/* End XCConfigurationList section */
	};
	rootObject = 877C68492220F3E30047C002 /* Project object */;
}
